// !$*UTF8*$!
{
	archiveVersion = 1;
	classes = {
	};
	objectVersion = 51;
	objects = {

/* Begin PBXBuildFile section */
		571AA82661C86D690AE96110 /* Pods_POSRocketTaskAI.framework in Frameworks */ = {isa = PBXBuildFile; fileRef = 1A707B62EB90375832DEF7EE /* Pods_POSRocketTaskAI.framework */; };
		9B52BEAC23D4D85C00E2CCC7 /* AppDelegate.swift in Sources */ = {isa = PBXBuildFile; fileRef = 9B52BEAB23D4D85C00E2CCC7 /* AppDelegate.swift */; };
		9B52BEAE23D4D85C00E2CCC7 /* SceneDelegate.swift in Sources */ = {isa = PBXBuildFile; fileRef = 9B52BEAD23D4D85C00E2CCC7 /* SceneDelegate.swift */; };
		9B52BEB323D4D85C00E2CCC7 /* Main.storyboard in Resources */ = {isa = PBXBuildFile; fileRef = 9B52BEB123D4D85C00E2CCC7 /* Main.storyboard */; };
		9B52BEB523D4D85D00E2CCC7 /* Assets.xcassets in Resources */ = {isa = PBXBuildFile; fileRef = 9B52BEB423D4D85D00E2CCC7 /* Assets.xcassets */; };
		9B52BEB823D4D85D00E2CCC7 /* LaunchScreen.storyboard in Resources */ = {isa = PBXBuildFile; fileRef = 9B52BEB623D4D85D00E2CCC7 /* LaunchScreen.storyboard */; };
		9B52BEC623D4E63800E2CCC7 /* ViewController.swift in Sources */ = {isa = PBXBuildFile; fileRef = 9B52BEC523D4E63800E2CCC7 /* ViewController.swift */; };
		9B52BEC923D4F30800E2CCC7 /* Discount.swift in Sources */ = {isa = PBXBuildFile; fileRef = 9B52BEC823D4F30800E2CCC7 /* Discount.swift */; };
		9B52BECB23D4F36100E2CCC7 /* ExtraCharge.swift in Sources */ = {isa = PBXBuildFile; fileRef = 9B52BECA23D4F36100E2CCC7 /* ExtraCharge.swift */; };
/* End PBXBuildFile section */

/* Begin PBXFileReference section */
		0DEA7F0B53434A7B7361D640 /* Pods-POSRocketTaskAI.debug.xcconfig */ = {isa = PBXFileReference; includeInIndex = 1; lastKnownFileType = text.xcconfig; name = "Pods-POSRocketTaskAI.debug.xcconfig"; path = "Target Support Files/Pods-POSRocketTaskAI/Pods-POSRocketTaskAI.debug.xcconfig"; sourceTree = "<group>"; };
		1A707B62EB90375832DEF7EE /* Pods_POSRocketTaskAI.framework */ = {isa = PBXFileReference; explicitFileType = wrapper.framework; includeInIndex = 0; path = Pods_POSRocketTaskAI.framework; sourceTree = BUILT_PRODUCTS_DIR; };
		9B52BEA823D4D85C00E2CCC7 /* POSRocketTaskAI.app */ = {isa = PBXFileReference; explicitFileType = wrapper.application; includeInIndex = 0; path = POSRocketTaskAI.app; sourceTree = BUILT_PRODUCTS_DIR; };
		9B52BEAB23D4D85C00E2CCC7 /* AppDelegate.swift */ = {isa = PBXFileReference; lastKnownFileType = sourcecode.swift; path = AppDelegate.swift; sourceTree = "<group>"; };
		9B52BEAD23D4D85C00E2CCC7 /* SceneDelegate.swift */ = {isa = PBXFileReference; lastKnownFileType = sourcecode.swift; path = SceneDelegate.swift; sourceTree = "<group>"; };
		9B52BEB223D4D85C00E2CCC7 /* Base */ = {isa = PBXFileReference; lastKnownFileType = file.storyboard; name = Base; path = Base.lproj/Main.storyboard; sourceTree = "<group>"; };
		9B52BEB423D4D85D00E2CCC7 /* Assets.xcassets */ = {isa = PBXFileReference; lastKnownFileType = folder.assetcatalog; path = Assets.xcassets; sourceTree = "<group>"; };
		9B52BEB723D4D85D00E2CCC7 /* Base */ = {isa = PBXFileReference; lastKnownFileType = file.storyboard; name = Base; path = Base.lproj/LaunchScreen.storyboard; sourceTree = "<group>"; };
		9B52BEB923D4D85D00E2CCC7 /* Info.plist */ = {isa = PBXFileReference; lastKnownFileType = text.plist.xml; path = Info.plist; sourceTree = "<group>"; };
		9B52BEC523D4E63800E2CCC7 /* ViewController.swift */ = {isa = PBXFileReference; lastKnownFileType = sourcecode.swift; path = ViewController.swift; sourceTree = "<group>"; };
		9B52BEC823D4F30800E2CCC7 /* Discount.swift */ = {isa = PBXFileReference; lastKnownFileType = sourcecode.swift; path = Discount.swift; sourceTree = "<group>"; };
		9B52BECA23D4F36100E2CCC7 /* ExtraCharge.swift */ = {isa = PBXFileReference; lastKnownFileType = sourcecode.swift; path = ExtraCharge.swift; sourceTree = "<group>"; };
		B055EBBF1B9BB090D0F0F8DE /* Pods-POSRocketTaskAI.release.xcconfig */ = {isa = PBXFileReference; includeInIndex = 1; lastKnownFileType = text.xcconfig; name = "Pods-POSRocketTaskAI.release.xcconfig"; path = "Target Support Files/Pods-POSRocketTaskAI/Pods-POSRocketTaskAI.release.xcconfig"; sourceTree = "<group>"; };
/* End PBXFileReference section */

/* Begin PBXFrameworksBuildPhase section */
		9B52BEA523D4D85C00E2CCC7 /* Frameworks */ = {
			isa = PBXFrameworksBuildPhase;
			buildActionMask = 2147483647;
			files = (
				571AA82661C86D690AE96110 /* Pods_POSRocketTaskAI.framework in Frameworks */,
			);
			runOnlyForDeploymentPostprocessing = 0;
		};
/* End PBXFrameworksBuildPhase section */

/* Begin PBXGroup section */
		60F31030B5E11D6C87E49E80 /* Frameworks */ = {
			isa = PBXGroup;
			children = (
				1A707B62EB90375832DEF7EE /* Pods_POSRocketTaskAI.framework */,
			);
			name = Frameworks;
			sourceTree = "<group>";
		};
		6F91A5617FF39F23494D5049 /* Pods */ = {
			isa = PBXGroup;
			children = (
				0DEA7F0B53434A7B7361D640 /* Pods-POSRocketTaskAI.debug.xcconfig */,
				B055EBBF1B9BB090D0F0F8DE /* Pods-POSRocketTaskAI.release.xcconfig */,
			);
			path = Pods;
			sourceTree = "<group>";
		};
		9B52BE9F23D4D85C00E2CCC7 = {
			isa = PBXGroup;
			children = (
				9B52BEAA23D4D85C00E2CCC7 /* POSRocketTaskAI */,
				9B52BEA923D4D85C00E2CCC7 /* Products */,
				6F91A5617FF39F23494D5049 /* Pods */,
				60F31030B5E11D6C87E49E80 /* Frameworks */,
			);
			sourceTree = "<group>";
		};
		9B52BEA923D4D85C00E2CCC7 /* Products */ = {
			isa = PBXGroup;
			children = (
				9B52BEA823D4D85C00E2CCC7 /* POSRocketTaskAI.app */,
			);
			name = Products;
			sourceTree = "<group>";
		};
		9B52BEAA23D4D85C00E2CCC7 /* POSRocketTaskAI */ = {
			isa = PBXGroup;
			children = (
				9B52BEC423D4E61200E2CCC7 /* Database Objects */,
				9B52BEAB23D4D85C00E2CCC7 /* AppDelegate.swift */,
				9B52BEAD23D4D85C00E2CCC7 /* SceneDelegate.swift */,
				9B52BEC523D4E63800E2CCC7 /* ViewController.swift */,
				9B52BEB123D4D85C00E2CCC7 /* Main.storyboard */,
				9B52BEB423D4D85D00E2CCC7 /* Assets.xcassets */,
				9B52BEB623D4D85D00E2CCC7 /* LaunchScreen.storyboard */,
				9B52BEB923D4D85D00E2CCC7 /* Info.plist */,
			);
			path = POSRocketTaskAI;
			sourceTree = "<group>";
		};
		9B52BEC423D4E61200E2CCC7 /* Database Objects */ = {
			isa = PBXGroup;
			children = (
				9B52BEC823D4F30800E2CCC7 /* Discount.swift */,
				9B52BECA23D4F36100E2CCC7 /* ExtraCharge.swift */,
			);
			path = "Database Objects";
			sourceTree = "<group>";
		};
/* End PBXGroup section */

/* Begin PBXNativeTarget section */
		9B52BEA723D4D85C00E2CCC7 /* POSRocketTaskAI */ = {
			isa = PBXNativeTarget;
			buildConfigurationList = 9B52BEBC23D4D85D00E2CCC7 /* Build configuration list for PBXNativeTarget "POSRocketTaskAI" */;
			buildPhases = (
				990C496282832B49BE7F91AA /* [CP] Check Pods Manifest.lock */,
				9B52BEA423D4D85C00E2CCC7 /* Sources */,
				9B52BEA523D4D85C00E2CCC7 /* Frameworks */,
				9B52BEA623D4D85C00E2CCC7 /* Resources */,
				47F6D00E3AF41F14BE513FAD /* [CP] Embed Pods Frameworks */,
			);
			buildRules = (
			);
			dependencies = (
			);
			name = POSRocketTaskAI;
			productName = POSRocketTaskAI;
			productReference = 9B52BEA823D4D85C00E2CCC7 /* POSRocketTaskAI.app */;
			productType = "com.apple.product-type.application";
		};
/* End PBXNativeTarget section */

/* Begin PBXProject section */
		9B52BEA023D4D85C00E2CCC7 /* Project object */ = {
			isa = PBXProject;
			attributes = {
				LastSwiftUpdateCheck = 1130;
				LastUpgradeCheck = 1130;
				ORGANIZATIONNAME = "Aya Irshaid";
				TargetAttributes = {
					9B52BEA723D4D85C00E2CCC7 = {
						CreatedOnToolsVersion = 11.3.1;
					};
				};
			};
			buildConfigurationList = 9B52BEA323D4D85C00E2CCC7 /* Build configuration list for PBXProject "POSRocketTaskAI" */;
			compatibilityVersion = "Xcode 9.3";
			developmentRegion = en;
			hasScannedForEncodings = 0;
			knownRegions = (
				en,
				Base,
			);
			mainGroup = 9B52BE9F23D4D85C00E2CCC7;
			productRefGroup = 9B52BEA923D4D85C00E2CCC7 /* Products */;
			projectDirPath = "";
			projectRoot = "";
			targets = (
				9B52BEA723D4D85C00E2CCC7 /* POSRocketTaskAI */,
			);
		};
/* End PBXProject section */

/* Begin PBXResourcesBuildPhase section */
		9B52BEA623D4D85C00E2CCC7 /* Resources */ = {
			isa = PBXResourcesBuildPhase;
			buildActionMask = 2147483647;
			files = (
				9B52BEB823D4D85D00E2CCC7 /* LaunchScreen.storyboard in Resources */,
				9B52BEB523D4D85D00E2CCC7 /* Assets.xcassets in Resources */,
				9B52BEB323D4D85C00E2CCC7 /* Main.storyboard in Resources */,
			);
			runOnlyForDeploymentPostprocessing = 0;
		};
/* End PBXResourcesBuildPhase section */

/* Begin PBXShellScriptBuildPhase section */
		47F6D00E3AF41F14BE513FAD /* [CP] Embed Pods Frameworks */ = {
			isa = PBXShellScriptBuildPhase;
			buildActionMask = 2147483647;
			files = (
			);
			inputFileListPaths = (
				"${PODS_ROOT}/Target Support Files/Pods-POSRocketTaskAI/Pods-POSRocketTaskAI-frameworks-${CONFIGURATION}-input-files.xcfilelist",
			);
			name = "[CP] Embed Pods Frameworks";
			outputFileListPaths = (
				"${PODS_ROOT}/Target Support Files/Pods-POSRocketTaskAI/Pods-POSRocketTaskAI-frameworks-${CONFIGURATION}-output-files.xcfilelist",
			);
			runOnlyForDeploymentPostprocessing = 0;
			shellPath = /bin/sh;
			shellScript = "\"${PODS_ROOT}/Target Support Files/Pods-POSRocketTaskAI/Pods-POSRocketTaskAI-frameworks.sh\"\n";
			showEnvVarsInLog = 0;
		};
		990C496282832B49BE7F91AA /* [CP] Check Pods Manifest.lock */ = {
			isa = PBXShellScriptBuildPhase;
			buildActionMask = 2147483647;
			files = (
			);
			inputFileListPaths = (
			);
			inputPaths = (
				"${PODS_PODFILE_DIR_PATH}/Podfile.lock",
				"${PODS_ROOT}/Manifest.lock",
			);
			name = "[CP] Check Pods Manifest.lock";
			outputFileListPaths = (
			);
			outputPaths = (
				"$(DERIVED_FILE_DIR)/Pods-POSRocketTaskAI-checkManifestLockResult.txt",
			);
			runOnlyForDeploymentPostprocessing = 0;
			shellPath = /bin/sh;
			shellScript = "diff \"${PODS_PODFILE_DIR_PATH}/Podfile.lock\" \"${PODS_ROOT}/Manifest.lock\" > /dev/null\nif [ $? != 0 ] ; then\n    # print error to STDERR\n    echo \"error: The sandbox is not in sync with the Podfile.lock. Run 'pod install' or update your CocoaPods installation.\" >&2\n    exit 1\nfi\n# This output is used by Xcode 'outputs' to avoid re-running this script phase.\necho \"SUCCESS\" > \"${SCRIPT_OUTPUT_FILE_0}\"\n";
			showEnvVarsInLog = 0;
		};
/* End PBXShellScriptBuildPhase section */

/* Begin PBXSourcesBuildPhase section */
		9B52BEA423D4D85C00E2CCC7 /* Sources */ = {
			isa = PBXSourcesBuildPhase;
			buildActionMask = 2147483647;
			files = (
				9B52BEC623D4E63800E2CCC7 /* ViewController.swift in Sources */,
				9B52BEC923D4F30800E2CCC7 /* Discount.swift in Sources */,
				9B52BECB23D4F36100E2CCC7 /* ExtraCharge.swift in Sources */,
				9B52BEAC23D4D85C00E2CCC7 /* AppDelegate.swift in Sources */,
				9B52BEAE23D4D85C00E2CCC7 /* SceneDelegate.swift in Sources */,
			);
			runOnlyForDeploymentPostprocessing = 0;
		};
/* End PBXSourcesBuildPhase section */

/* Begin PBXVariantGroup section */
		9B52BEB123D4D85C00E2CCC7 /* Main.storyboard */ = {
			isa = PBXVariantGroup;
			children = (
				9B52BEB223D4D85C00E2CCC7 /* Base */,
			);
			name = Main.storyboard;
			sourceTree = "<group>";
		};
		9B52BEB623D4D85D00E2CCC7 /* LaunchScreen.storyboard */ = {
			isa = PBXVariantGroup;
			children = (
				9B52BEB723D4D85D00E2CCC7 /* Base */,
			);
			name = LaunchScreen.storyboard;
			sourceTree = "<group>";
		};
/* End PBXVariantGroup section */

/* Begin XCBuildConfiguration section */
		9B52BEBA23D4D85D00E2CCC7 /* Debug */ = {
			isa = XCBuildConfiguration;
			buildSettings = {
				ALWAYS_SEARCH_USER_PATHS = NO;
				CLANG_ANALYZER_NONNULL = YES;
				CLANG_ANALYZER_NUMBER_OBJECT_CONVERSION = YES_AGGRESSIVE;
				CLANG_CXX_LANGUAGE_STANDARD = "gnu++14";
				CLANG_CXX_LIBRARY = "libc++";
				CLANG_ENABLE_MODULES = YES;
				CLANG_ENABLE_OBJC_ARC = YES;
				CLANG_ENABLE_OBJC_WEAK = YES;
				CLANG_WARN_BLOCK_CAPTURE_AUTORELEASING = YES;
				CLANG_WARN_BOOL_CONVERSION = YES;
				CLANG_WARN_COMMA = YES;
				CLANG_WARN_CONSTANT_CONVERSION = YES;
				CLANG_WARN_DEPRECATED_OBJC_IMPLEMENTATIONS = YES;
				CLANG_WARN_DIRECT_OBJC_ISA_USAGE = YES_ERROR;
				CLANG_WARN_DOCUMENTATION_COMMENTS = YES;
				CLANG_WARN_EMPTY_BODY = YES;
				CLANG_WARN_ENUM_CONVERSION = YES;
				CLANG_WARN_INFINITE_RECURSION = YES;
				CLANG_WARN_INT_CONVERSION = YES;
				CLANG_WARN_NON_LITERAL_NULL_CONVERSION = YES;
				CLANG_WARN_OBJC_IMPLICIT_RETAIN_SELF = YES;
				CLANG_WARN_OBJC_LITERAL_CONVERSION = YES;
				CLANG_WARN_OBJC_ROOT_CLASS = YES_ERROR;
				CLANG_WARN_RANGE_LOOP_ANALYSIS = YES;
				CLANG_WARN_STRICT_PROTOTYPES = YES;
				CLANG_WARN_SUSPICIOUS_MOVE = YES;
				CLANG_WARN_UNGUARDED_AVAILABILITY = YES_AGGRESSIVE;
				CLANG_WARN_UNREACHABLE_CODE = YES;
				CLANG_WARN__DUPLICATE_METHOD_MATCH = YES;
				COPY_PHASE_STRIP = NO;
				DEBUG_INFORMATION_FORMAT = dwarf;
				ENABLE_STRICT_OBJC_MSGSEND = YES;
				ENABLE_TESTABILITY = YES;
				GCC_C_LANGUAGE_STANDARD = gnu11;
				GCC_DYNAMIC_NO_PIC = NO;
				GCC_NO_COMMON_BLOCKS = YES;
				GCC_OPTIMIZATION_LEVEL = 0;
				GCC_PREPROCESSOR_DEFINITIONS = (
					"DEBUG=1",
					"$(inherited)",
				);
				GCC_WARN_64_TO_32_BIT_CONVERSION = YES;
				GCC_WARN_ABOUT_RETURN_TYPE = YES_ERROR;
				GCC_WARN_UNDECLARED_SELECTOR = YES;
				GCC_WARN_UNINITIALIZED_AUTOS = YES_AGGRESSIVE;
				GCC_WARN_UNUSED_FUNCTION = YES;
				GCC_WARN_UNUSED_VARIABLE = YES;
				IPHONEOS_DEPLOYMENT_TARGET = 13.2;
				MTL_ENABLE_DEBUG_INFO = INCLUDE_SOURCE;
				MTL_FAST_MATH = YES;
				ONLY_ACTIVE_ARCH = YES;
				SDKROOT = iphoneos;
				SWIFT_ACTIVE_COMPILATION_CONDITIONS = DEBUG;
				SWIFT_OPTIMIZATION_LEVEL = "-Onone";
			};
			name = Debug;
		};
		9B52BEBB23D4D85D00E2CCC7 /* Release */ = {
			isa = XCBuildConfiguration;
			buildSettings = {
				ALWAYS_SEARCH_USER_PATHS = NO;
				CLANG_ANALYZER_NONNULL = YES;
				CLANG_ANALYZER_NUMBER_OBJECT_CONVERSION = YES_AGGRESSIVE;
				CLANG_CXX_LANGUAGE_STANDARD = "gnu++14";
				CLANG_CXX_LIBRARY = "libc++";
				CLANG_ENABLE_MODULES = YES;
				CLANG_ENABLE_OBJC_ARC = YES;
				CLANG_ENABLE_OBJC_WEAK = YES;
				CLANG_WARN_BLOCK_CAPTURE_AUTORELEASING = YES;
				CLANG_WARN_BOOL_CONVERSION = YES;
				CLANG_WARN_COMMA = YES;
				CLANG_WARN_CONSTANT_CONVERSION = YES;
				CLANG_WARN_DEPRECATED_OBJC_IMPLEMENTATIONS = YES;
				CLANG_WARN_DIRECT_OBJC_ISA_USAGE = YES_ERROR;
				CLANG_WARN_DOCUMENTATION_COMMENTS = YES;
				CLANG_WARN_EMPTY_BODY = YES;
				CLANG_WARN_ENUM_CONVERSION = YES;
				CLANG_WARN_INFINITE_RECURSION = YES;
				CLANG_WARN_INT_CONVERSION = YES;
				CLANG_WARN_NON_LITERAL_NULL_CONVERSION = YES;
				CLANG_WARN_OBJC_IMPLICIT_RETAIN_SELF = YES;
				CLANG_WARN_OBJC_LITERAL_CONVERSION = YES;
				CLANG_WARN_OBJC_ROOT_CLASS = YES_ERROR;
				CLANG_WARN_RANGE_LOOP_ANALYSIS = YES;
				CLANG_WARN_STRICT_PROTOTYPES = YES;
				CLANG_WARN_SUSPICIOUS_MOVE = YES;
				CLANG_WARN_UNGUARDED_AVAILABILITY = YES_AGGRESSIVE;
				CLANG_WARN_UNREACHABLE_CODE = YES;
				CLANG_WARN__DUPLICATE_METHOD_MATCH = YES;
				COPY_PHASE_STRIP = NO;
				DEBUG_INFORMATION_FORMAT = "dwarf-with-dsym";
				ENABLE_NS_ASSERTIONS = NO;
				ENABLE_STRICT_OBJC_MSGSEND = YES;
				GCC_C_LANGUAGE_STANDARD = gnu11;
				GCC_NO_COMMON_BLOCKS = YES;
				GCC_WARN_64_TO_32_BIT_CONVERSION = YES;
				GCC_WARN_ABOUT_RETURN_TYPE = YES_ERROR;
				GCC_WARN_UNDECLARED_SELECTOR = YES;
				GCC_WARN_UNINITIALIZED_AUTOS = YES_AGGRESSIVE;
				GCC_WARN_UNUSED_FUNCTION = YES;
				GCC_WARN_UNUSED_VARIABLE = YES;
				IPHONEOS_DEPLOYMENT_TARGET = 13.2;
				MTL_ENABLE_DEBUG_INFO = NO;
				MTL_FAST_MATH = YES;
				SDKROOT = iphoneos;
				SWIFT_COMPILATION_MODE = wholemodule;
				SWIFT_OPTIMIZATION_LEVEL = "-O";
				VALIDATE_PRODUCT = YES;
			};
			name = Release;
		};
		9B52BEBD23D4D85D00E2CCC7 /* Debug */ = {
			isa = XCBuildConfiguration;
			baseConfigurationReference = 0DEA7F0B53434A7B7361D640 /* Pods-POSRocketTaskAI.debug.xcconfig */;
			buildSettings = {
				ASSETCATALOG_COMPILER_APPICON_NAME = AppIcon;
				CODE_SIGN_STYLE = Automatic;
				DEVELOPMENT_TEAM = 5P995A7MRK;
				INFOPLIST_FILE = POSRocketTaskAI/Info.plist;
				LD_RUNPATH_SEARCH_PATHS = (
					"$(inherited)",
					"@executable_path/Frameworks",
				);
				PRODUCT_BUNDLE_IDENTIFIER = com.AyaIrshaid.POSRocketTaskAI;
				PRODUCT_NAME = "$(TARGET_NAME)";
				SWIFT_VERSION = 5.0;
				TARGETED_DEVICE_FAMILY = "1,2";
			};
			name = Debug;
		};
		9B52BEBE23D4D85D00E2CCC7 /* Release */ = {
			isa = XCBuildConfiguration;
			baseConfigurationReference = B055EBBF1B9BB090D0F0F8DE /* Pods-POSRocketTaskAI.release.xcconfig */;
			buildSettings = {
				ASSETCATALOG_COMPILER_APPICON_NAME = AppIcon;
				CODE_SIGN_STYLE = Automatic;
				DEVELOPMENT_TEAM = 5P995A7MRK;
				INFOPLIST_FILE = POSRocketTaskAI/Info.plist;
				LD_RUNPATH_SEARCH_PATHS = (
					"$(inherited)",
					"@executable_path/Frameworks",
				);
				PRODUCT_BUNDLE_IDENTIFIER = com.AyaIrshaid.POSRocketTaskAI;
				PRODUCT_NAME = "$(TARGET_NAME)";
				SWIFT_VERSION = 5.0;
				TARGETED_DEVICE_FAMILY = "1,2";
			};
			name = Release;
		};
/* End XCBuildConfiguration section */

/* Begin XCConfigurationList section */
		9B52BEA323D4D85C00E2CCC7 /* Build configuration list for PBXProject "POSRocketTaskAI" */ = {
			isa = XCConfigurationList;
			buildConfigurations = (
				9B52BEBA23D4D85D00E2CCC7 /* Debug */,
				9B52BEBB23D4D85D00E2CCC7 /* Release */,
			);
			defaultConfigurationIsVisible = 0;
			defaultConfigurationName = Release;
		};
		9B52BEBC23D4D85D00E2CCC7 /* Build configuration list for PBXNativeTarget "POSRocketTaskAI" */ = {
			isa = XCConfigurationList;
			buildConfigurations = (
				9B52BEBD23D4D85D00E2CCC7 /* Debug */,
				9B52BEBE23D4D85D00E2CCC7 /* Release */,
			);
			defaultConfigurationIsVisible = 0;
			defaultConfigurationName = Release;
		};
/* End XCConfigurationList section */
	};
	rootObject = 9B52BEA023D4D85C00E2CCC7 /* Project object */;
}
